
Microsoft Visual Studio Solution File, Format Version 12.00
# Visual Studio Version 16
VisualStudioVersion = 16.0.31321.278
MinimumVisualStudioVersion = 10.0.40219.1
Project("{FAE04EC0-301F-11D3-BF4B-00C04F79EFBC}") = "AzureServiceBusIntegration", "AzureServiceBusIntegration\AzureServiceBusIntegration.csproj", "{EECA00E8-04DF-455C-ACA0-8981039919C7}"
EndProject
Project("{FAE04EC0-301F-11D3-BF4B-00C04F79EFBC}") = "ServiceBusReceiver", "ServiceBusReceiver\ServiceBusReceiver.csproj", "{FEA1AAD9-07DC-415C-A2F3-07217A4876FD}"
EndProject
Global
	GlobalSection(SolutionConfigurationPlatforms) = preSolution
		Debug|Any CPU = Debug|Any CPU
		Release|Any CPU = Release|Any CPU
	EndGlobalSection
	GlobalSection(ProjectConfigurationPlatforms) = postSolution
		{EECA00E8-04DF-455C-ACA0-8981039919C7}.Debug|Any CPU.ActiveCfg = Debug|Any CPU
		{EECA00E8-04DF-455C-ACA0-8981039919C7}.Debug|Any CPU.Build.0 = Debug|Any CPU
		{EECA00E8-04DF-455C-ACA0-8981039919C7}.Release|Any CPU.ActiveCfg = Release|Any CPU
		{EECA00E8-04DF-455C-ACA0-8981039919C7}.Release|Any CPU.Build.0 = Release|Any CPU
		{FEA1AAD9-07DC-415C-A2F3-07217A4876FD}.Debug|Any CPU.ActiveCfg = Debug|Any CPU
		{FEA1AAD9-07DC-415C-A2F3-07217A4876FD}.Debug|Any CPU.Build.0 = Debug|Any CPU
		{FEA1AAD9-07DC-415C-A2F3-07217A4876FD}.Release|Any CPU.ActiveCfg = Release|Any CPU
		{FEA1AAD9-07DC-415C-A2F3-07217A4876FD}.Release|Any CPU.Build.0 = Release|Any CPU
	EndGlobalSection
	GlobalSection(SolutionProperties) = preSolution
		HideSolutionNode = FALSE
	EndGlobalSection
	GlobalSection(ExtensibilityGlobals) = postSolution
		SolutionGuid = {613C8478-8FA5-4DC5-9796-1CEAE16D2E24}
	EndGlobalSection
EndGlobal
